
Microsoft Visual Studio Solution File, Format Version 12.00
# Visual Studio Version 17
VisualStudioVersion = 17.3.32811.315
MinimumVisualStudioVersion = 10.0.40219.1
Project("{9A19103F-16F7-4668-BE54-9A1E7A4F7556}") = "YMCL", "YMCL.Main\YMCL\YMCL.csproj", "{EBFA8512-1EA5-4D8C-B4AC-AB5B48A6D568}"
EndProject
Project("{9A19103F-16F7-4668-BE54-9A1E7A4F7556}") = "YMCL.Desktop", "YMCL.Main\YMCL.Desktop\YMCL.Desktop.csproj", "{ABC31E74-02FF-46EB-B3B2-4E6AE43B456C}"
EndProject
Project("{2150E333-8FDC-42A3-9474-1A3956D46DE8}") = "Solution Items", "Solution Items", "{3DA99C4E-89E3-4049-9C22-0A7EC60D83D8}"
	ProjectSection(SolutionItems) = preProject
		Directory.Packages.props = Directory.Packages.props
	EndProjectSection
EndProject
Project("{2150E333-8FDC-42A3-9474-1A3956D46DE8}") = "YMCL.Main", "YMCL.Main", "{1ABDA67F-1B6B-4D65-BC95-3B4028562ECC}"
EndProject
Project("{2150E333-8FDC-42A3-9474-1A3956D46DE8}") = "YMCL.Plugin", "YMCL.Plugin", "{F335C660-7A28-43E0-B366-0A9F1298BE0B}"
EndProject
Project("{FAE04EC0-301F-11D3-BF4B-00C04F79EFBC}") = "YMCL.Plugin.Simple", "YMCL.Plugin\YMCL.Plugin.Simple\YMCL.Plugin.Simple.csproj", "{2E6BB208-F685-45EE-9A26-38501087BE47}"
EndProject
Project("{FAE04EC0-301F-11D3-BF4B-00C04F79EFBC}") = "YMCL.Plugin.Base", "YMCL.Plugin\YMCL.Plugin.Base\YMCL.Plugin.Base.csproj", "{7E3E3637-2ABC-4864-A059-98F1030AFDCE}"
EndProject
Project("{FAE04EC0-301F-11D3-BF4B-00C04F79EFBC}") = "YMCL.Plugin.Dependence", "YMCL.Plugin\YMCL.Plugin.Dependence\YMCL.Plugin.Dependence.csproj", "{D35FC608-7FCF-4CAE-97BA-891FC4C75E37}"
EndProject
Global
	GlobalSection(SolutionConfigurationPlatforms) = preSolution
		Debug|Any CPU = Debug|Any CPU
		Release|Any CPU = Release|Any CPU
	EndGlobalSection
	GlobalSection(ProjectConfigurationPlatforms) = postSolution
		{EBFA8512-1EA5-4D8C-B4AC-AB5B48A6D568}.Debug|Any CPU.ActiveCfg = Debug|Any CPU
		{EBFA8512-1EA5-4D8C-B4AC-AB5B48A6D568}.Debug|Any CPU.Build.0 = Debug|Any CPU
		{EBFA8512-1EA5-4D8C-B4AC-AB5B48A6D568}.Release|Any CPU.ActiveCfg = Release|Any CPU
		{EBFA8512-1EA5-4D8C-B4AC-AB5B48A6D568}.Release|Any CPU.Build.0 = Release|Any CPU
		{ABC31E74-02FF-46EB-B3B2-4E6AE43B456C}.Debug|Any CPU.ActiveCfg = Debug|Any CPU
		{ABC31E74-02FF-46EB-B3B2-4E6AE43B456C}.Debug|Any CPU.Build.0 = Debug|Any CPU
		{ABC31E74-02FF-46EB-B3B2-4E6AE43B456C}.Release|Any CPU.ActiveCfg = Release|Any CPU
		{ABC31E74-02FF-46EB-B3B2-4E6AE43B456C}.Release|Any CPU.Build.0 = Release|Any CPU
		{2E6BB208-F685-45EE-9A26-38501087BE47}.Debug|Any CPU.ActiveCfg = Debug|Any CPU
		{2E6BB208-F685-45EE-9A26-38501087BE47}.Debug|Any CPU.Build.0 = Debug|Any CPU
		{2E6BB208-F685-45EE-9A26-38501087BE47}.Release|Any CPU.ActiveCfg = Release|Any CPU
		{2E6BB208-F685-45EE-9A26-38501087BE47}.Release|Any CPU.Build.0 = Release|Any CPU
		{7E3E3637-2ABC-4864-A059-98F1030AFDCE}.Debug|Any CPU.ActiveCfg = Debug|Any CPU
		{7E3E3637-2ABC-4864-A059-98F1030AFDCE}.Debug|Any CPU.Build.0 = Debug|Any CPU
		{7E3E3637-2ABC-4864-A059-98F1030AFDCE}.Release|Any CPU.ActiveCfg = Release|Any CPU
		{7E3E3637-2ABC-4864-A059-98F1030AFDCE}.Release|Any CPU.Build.0 = Release|Any CPU
		{D35FC608-7FCF-4CAE-97BA-891FC4C75E37}.Debug|Any CPU.ActiveCfg = Debug|Any CPU
		{D35FC608-7FCF-4CAE-97BA-891FC4C75E37}.Debug|Any CPU.Build.0 = Debug|Any CPU
		{D35FC608-7FCF-4CAE-97BA-891FC4C75E37}.Release|Any CPU.ActiveCfg = Release|Any CPU
		{D35FC608-7FCF-4CAE-97BA-891FC4C75E37}.Release|Any CPU.Build.0 = Release|Any CPU
	EndGlobalSection
	GlobalSection(SolutionProperties) = preSolution
		HideSolutionNode = FALSE
	EndGlobalSection
	GlobalSection(NestedProjects) = preSolution
		{EBFA8512-1EA5-4D8C-B4AC-AB5B48A6D568} = {1ABDA67F-1B6B-4D65-BC95-3B4028562ECC}
		{ABC31E74-02FF-46EB-B3B2-4E6AE43B456C} = {1ABDA67F-1B6B-4D65-BC95-3B4028562ECC}
		{2E6BB208-F685-45EE-9A26-38501087BE47} = {F335C660-7A28-43E0-B366-0A9F1298BE0B}
		{7E3E3637-2ABC-4864-A059-98F1030AFDCE} = {F335C660-7A28-43E0-B366-0A9F1298BE0B}
		{D35FC608-7FCF-4CAE-97BA-891FC4C75E37} = {F335C660-7A28-43E0-B366-0A9F1298BE0B}
	EndGlobalSection
	GlobalSection(ExtensibilityGlobals) = postSolution
		RESX_PrefixFieldType = Comment, TargetComment
		RESX_PrefixTranslations = True
		RESX_NeutralResourcesLanguage = zh-CN
		SolutionGuid = {83CB65B8-011F-4ED7-BCD3-A6CFA935EF7E}
	EndGlobalSection
EndGlobal
